
Microsoft Visual Studio Solution File, Format Version 12.00
# Visual Studio Version 17
VisualStudioVersion = 17.14.36414.22 d17.14
MinimumVisualStudioVersion = 10.0.40219.1
Project("{8BC9CEB8-8B4A-11D0-8D11-00A0C91BC942}") = "Pipes", "Pipes\Pipes.vcxproj", "{F63C9DA0-568B-41D1-B584-EE05C88964DD}"
EndProject
Project("{8BC9CEB8-8B4A-11D0-8D11-00A0C91BC942}") = "Sockets", "Sockets\Sockets.vcxproj", "{25F932A2-C446-4894-AE18-779AFC6CC0D5}"
EndProject
Project("{8BC9CEB8-8B4A-11D0-8D11-00A0C91BC942}") = "SharedMemory", "SharedMemory\SharedMemory.vcxproj", "{0559B2AF-6E91-448F-9B2A-36483A1A5856}"
EndProject
Global
	GlobalSection(SolutionConfigurationPlatforms) = preSolution
		Debug|x64 = Debug|x64
		Debug|x86 = Debug|x86
		Release|x64 = Release|x64
		Release|x86 = Release|x86
	EndGlobalSection
	GlobalSection(ProjectConfigurationPlatforms) = postSolution
		{F63C9DA0-568B-41D1-B584-EE05C88964DD}.Debug|x64.ActiveCfg = Debug|x64
		{F63C9DA0-568B-41D1-B584-EE05C88964DD}.Debug|x64.Build.0 = Debug|x64
		{F63C9DA0-568B-41D1-B584-EE05C88964DD}.Debug|x86.ActiveCfg = Debug|Win32
		{F63C9DA0-568B-41D1-B584-EE05C88964DD}.Debug|x86.Build.0 = Debug|Win32
		{F63C9DA0-568B-41D1-B584-EE05C88964DD}.Release|x64.ActiveCfg = Release|x64
		{F63C9DA0-568B-41D1-B584-EE05C88964DD}.Release|x64.Build.0 = Release|x64
		{F63C9DA0-568B-41D1-B584-EE05C88964DD}.Release|x86.ActiveCfg = Release|Win32
		{F63C9DA0-568B-41D1-B584-EE05C88964DD}.Release|x86.Build.0 = Release|Win32
		{25F932A2-C446-4894-AE18-779AFC6CC0D5}.Debug|x64.ActiveCfg = Debug|x64
		{25F932A2-C446-4894-AE18-779AFC6CC0D5}.Debug|x64.Build.0 = Debug|x64
		{25F932A2-C446-4894-AE18-779AFC6CC0D5}.Debug|x86.ActiveCfg = Debug|Win32
		{25F932A2-C446-4894-AE18-779AFC6CC0D5}.Debug|x86.Build.0 = Debug|Win32
		{25F932A2-C446-4894-AE18-779AFC6CC0D5}.Release|x64.ActiveCfg = Release|x64
		{25F932A2-C446-4894-AE18-779AFC6CC0D5}.Release|x64.Build.0 = Release|x64
		{25F932A2-C446-4894-AE18-779AFC6CC0D5}.Release|x86.ActiveCfg = Release|Win32
		{25F932A2-C446-4894-AE18-779AFC6CC0D5}.Release|x86.Build.0 = Release|Win32
		{0559B2AF-6E91-448F-9B2A-36483A1A5856}.Debug|x64.ActiveCfg = Debug|x64
		{0559B2AF-6E91-448F-9B2A-36483A1A5856}.Debug|x64.Build.0 = Debug|x64
		{0559B2AF-6E91-448F-9B2A-36483A1A5856}.Debug|x86.ActiveCfg = Debug|Win32
		{0559B2AF-6E91-448F-9B2A-36483A1A5856}.Debug|x86.Build.0 = Debug|Win32
		{0559B2AF-6E91-448F-9B2A-36483A1A5856}.Release|x64.ActiveCfg = Release|x64
		{0559B2AF-6E91-448F-9B2A-36483A1A5856}.Release|x64.Build.0 = Release|x64
		{0559B2AF-6E91-448F-9B2A-36483A1A5856}.Release|x86.ActiveCfg = Release|Win32
		{0559B2AF-6E91-448F-9B2A-36483A1A5856}.Release|x86.Build.0 = Release|Win32
	EndGlobalSection
	GlobalSection(SolutionProperties) = preSolution
		HideSolutionNode = FALSE
	EndGlobalSection
	GlobalSection(ExtensibilityGlobals) = postSolution
		SolutionGuid = {FC3CFD52-379B-4FED-A06A-6D941A6F723E}
	EndGlobalSection
EndGlobal
