
Microsoft Visual Studio Solution File, Format Version 12.00
# Visual Studio Version 17
VisualStudioVersion = 17.14.36414.22
MinimumVisualStudioVersion = 10.0.40219.1
Project("{8BC9CEB8-8B4A-11D0-8D11-00A0C91BC942}") = "PipeMain", "PipeMain\PipeMain.vcxproj", "{4C86E834-F960-4F15-AE0E-A4E9CFD43873}"
EndProject
Project("{8BC9CEB8-8B4A-11D0-8D11-00A0C91BC942}") = "PipeOffshoot", "PipeOffshoot\PipeOffshoot.vcxproj", "{D4840F5F-D864-4EC3-B6E8-788213DCFD76}"
EndProject
Project("{8BC9CEB8-8B4A-11D0-8D11-00A0C91BC942}") = "ServidorSocket", "ServidorSocket\ServidorSocket.vcxproj", "{3E94FB29-C498-4F11-A186-BEC8E18D7D27}"
EndProject
Project("{8BC9CEB8-8B4A-11D0-8D11-00A0C91BC942}") = "ClienteSocket", "ClienteSocket\ClienteSocket.vcxproj", "{1358D855-455E-4635-83E4-98A24F21722E}"
EndProject
Project("{8BC9CEB8-8B4A-11D0-8D11-00A0C91BC942}") = "SMProcesso1", "SMProcesso1\SMProcesso1.vcxproj", "{7B567E27-B7D0-4C82-8BB2-F330AB9F8A0A}"
EndProject
Project("{8BC9CEB8-8B4A-11D0-8D11-00A0C91BC942}") = "SMProcesso2", "SMProcesso2\SMProcesso2.vcxproj", "{D80D5DD4-4A60-40C8-8F76-1DE1D2ACC364}"
EndProject
Project("{2150E333-8FDC-42A3-9474-1A3956D46DE8}") = "include", "include", "{380A7511-A354-6D7A-0CC0-8FA1F1BA7B6C}"
	ProjectSection(SolutionItems) = preProject
		shared_buffer.h = shared_buffer.h
	EndProjectSection
EndProject
Global
	GlobalSection(SolutionConfigurationPlatforms) = preSolution
		Debug|x64 = Debug|x64
		Debug|x86 = Debug|x86
		Release|x64 = Release|x64
		Release|x86 = Release|x86
	EndGlobalSection
	GlobalSection(ProjectConfigurationPlatforms) = postSolution
		{4C86E834-F960-4F15-AE0E-A4E9CFD43873}.Debug|x64.ActiveCfg = Debug|x64
		{4C86E834-F960-4F15-AE0E-A4E9CFD43873}.Debug|x64.Build.0 = Debug|x64
		{4C86E834-F960-4F15-AE0E-A4E9CFD43873}.Debug|x86.ActiveCfg = Debug|Win32
		{4C86E834-F960-4F15-AE0E-A4E9CFD43873}.Debug|x86.Build.0 = Debug|Win32
		{4C86E834-F960-4F15-AE0E-A4E9CFD43873}.Release|x64.ActiveCfg = Release|x64
		{4C86E834-F960-4F15-AE0E-A4E9CFD43873}.Release|x64.Build.0 = Release|x64
		{4C86E834-F960-4F15-AE0E-A4E9CFD43873}.Release|x86.ActiveCfg = Release|Win32
		{4C86E834-F960-4F15-AE0E-A4E9CFD43873}.Release|x86.Build.0 = Release|Win32
		{D4840F5F-D864-4EC3-B6E8-788213DCFD76}.Debug|x64.ActiveCfg = Debug|x64
		{D4840F5F-D864-4EC3-B6E8-788213DCFD76}.Debug|x64.Build.0 = Debug|x64
		{D4840F5F-D864-4EC3-B6E8-788213DCFD76}.Debug|x86.ActiveCfg = Debug|Win32
		{D4840F5F-D864-4EC3-B6E8-788213DCFD76}.Debug|x86.Build.0 = Debug|Win32
		{D4840F5F-D864-4EC3-B6E8-788213DCFD76}.Release|x64.ActiveCfg = Release|x64
		{D4840F5F-D864-4EC3-B6E8-788213DCFD76}.Release|x64.Build.0 = Release|x64
		{D4840F5F-D864-4EC3-B6E8-788213DCFD76}.Release|x86.ActiveCfg = Release|Win32
		{D4840F5F-D864-4EC3-B6E8-788213DCFD76}.Release|x86.Build.0 = Release|Win32
		{3E94FB29-C498-4F11-A186-BEC8E18D7D27}.Debug|x64.ActiveCfg = Debug|x64
		{3E94FB29-C498-4F11-A186-BEC8E18D7D27}.Debug|x64.Build.0 = Debug|x64
		{3E94FB29-C498-4F11-A186-BEC8E18D7D27}.Debug|x86.ActiveCfg = Debug|Win32
		{3E94FB29-C498-4F11-A186-BEC8E18D7D27}.Debug|x86.Build.0 = Debug|Win32
		{3E94FB29-C498-4F11-A186-BEC8E18D7D27}.Release|x64.ActiveCfg = Release|x64
		{3E94FB29-C498-4F11-A186-BEC8E18D7D27}.Release|x64.Build.0 = Release|x64
		{3E94FB29-C498-4F11-A186-BEC8E18D7D27}.Release|x86.ActiveCfg = Release|Win32
		{3E94FB29-C498-4F11-A186-BEC8E18D7D27}.Release|x86.Build.0 = Release|Win32
		{1358D855-455E-4635-83E4-98A24F21722E}.Debug|x64.ActiveCfg = Debug|x64
		{1358D855-455E-4635-83E4-98A24F21722E}.Debug|x64.Build.0 = Debug|x64
		{1358D855-455E-4635-83E4-98A24F21722E}.Debug|x86.ActiveCfg = Debug|Win32
		{1358D855-455E-4635-83E4-98A24F21722E}.Debug|x86.Build.0 = Debug|Win32
		{1358D855-455E-4635-83E4-98A24F21722E}.Release|x64.ActiveCfg = Release|x64
		{1358D855-455E-4635-83E4-98A24F21722E}.Release|x64.Build.0 = Release|x64
		{1358D855-455E-4635-83E4-98A24F21722E}.Release|x86.ActiveCfg = Release|Win32
		{1358D855-455E-4635-83E4-98A24F21722E}.Release|x86.Build.0 = Release|Win32
		{7B567E27-B7D0-4C82-8BB2-F330AB9F8A0A}.Debug|x64.ActiveCfg = Debug|x64
		{7B567E27-B7D0-4C82-8BB2-F330AB9F8A0A}.Debug|x64.Build.0 = Debug|x64
		{7B567E27-B7D0-4C82-8BB2-F330AB9F8A0A}.Debug|x86.ActiveCfg = Debug|Win32
		{7B567E27-B7D0-4C82-8BB2-F330AB9F8A0A}.Debug|x86.Build.0 = Debug|Win32
		{7B567E27-B7D0-4C82-8BB2-F330AB9F8A0A}.Release|x64.ActiveCfg = Release|x64
		{7B567E27-B7D0-4C82-8BB2-F330AB9F8A0A}.Release|x64.Build.0 = Release|x64
		{7B567E27-B7D0-4C82-8BB2-F330AB9F8A0A}.Release|x86.ActiveCfg = Release|Win32
		{7B567E27-B7D0-4C82-8BB2-F330AB9F8A0A}.Release|x86.Build.0 = Release|Win32
		{D80D5DD4-4A60-40C8-8F76-1DE1D2ACC364}.Debug|x64.ActiveCfg = Debug|x64
		{D80D5DD4-4A60-40C8-8F76-1DE1D2ACC364}.Debug|x64.Build.0 = Debug|x64
		{D80D5DD4-4A60-40C8-8F76-1DE1D2ACC364}.Debug|x86.ActiveCfg = Debug|Win32
		{D80D5DD4-4A60-40C8-8F76-1DE1D2ACC364}.Debug|x86.Build.0 = Debug|Win32
		{D80D5DD4-4A60-40C8-8F76-1DE1D2ACC364}.Release|x64.ActiveCfg = Release|x64
		{D80D5DD4-4A60-40C8-8F76-1DE1D2ACC364}.Release|x64.Build.0 = Release|x64
		{D80D5DD4-4A60-40C8-8F76-1DE1D2ACC364}.Release|x86.ActiveCfg = Release|Win32
		{D80D5DD4-4A60-40C8-8F76-1DE1D2ACC364}.Release|x86.Build.0 = Release|Win32
	EndGlobalSection
	GlobalSection(SolutionProperties) = preSolution
		HideSolutionNode = FALSE
	EndGlobalSection
	GlobalSection(ExtensibilityGlobals) = postSolution
		SolutionGuid = {FC3CFD52-379B-4FED-A06A-6D941A6F723E}
	EndGlobalSection
EndGlobal
